
Microsoft Visual Studio Solution File, Format Version 12.00
# Visual Studio Version 17
VisualStudioVersion = 17.0.31903.59
MinimumVisualStudioVersion = 10.0.40219.1
Project("{FAE04EC0-301F-11D3-BF4B-00C04F79EFBC}") = "001_hello_world", "001_hello_world\001_hello_world.csproj", "{125531AA-183F-4EDF-8D01-281C6D3437E9}"
EndProject
Project("{FAE04EC0-301F-11D3-BF4B-00C04F79EFBC}") = "002_the_makings_of_a_programmer", "002_the_makings_of_a_programmer\002_the_makings_of_a_programmer.csproj", "{6577B0EC-2DD1-4126-BE80-ADE529359A1A}"
EndProject
Project("{FAE04EC0-301F-11D3-BF4B-00C04F79EFBC}") = "003_consolas_and_telim", "003_consolas_and_telim\003_consolas_and_telim.csproj", "{7699CE15-6F98-471B-8CD8-8E1AB7E3FD4D}"
EndProject
Global
	GlobalSection(SolutionConfigurationPlatforms) = preSolution
		Debug|Any CPU = Debug|Any CPU
		Release|Any CPU = Release|Any CPU
	EndGlobalSection
	GlobalSection(SolutionProperties) = preSolution
		HideSolutionNode = FALSE
	EndGlobalSection
	GlobalSection(ProjectConfigurationPlatforms) = postSolution
		{125531AA-183F-4EDF-8D01-281C6D3437E9}.Debug|Any CPU.ActiveCfg = Debug|Any CPU
		{125531AA-183F-4EDF-8D01-281C6D3437E9}.Debug|Any CPU.Build.0 = Debug|Any CPU
		{125531AA-183F-4EDF-8D01-281C6D3437E9}.Release|Any CPU.ActiveCfg = Release|Any CPU
		{125531AA-183F-4EDF-8D01-281C6D3437E9}.Release|Any CPU.Build.0 = Release|Any CPU
		{6577B0EC-2DD1-4126-BE80-ADE529359A1A}.Debug|Any CPU.ActiveCfg = Debug|Any CPU
		{6577B0EC-2DD1-4126-BE80-ADE529359A1A}.Debug|Any CPU.Build.0 = Debug|Any CPU
		{6577B0EC-2DD1-4126-BE80-ADE529359A1A}.Release|Any CPU.ActiveCfg = Release|Any CPU
		{6577B0EC-2DD1-4126-BE80-ADE529359A1A}.Release|Any CPU.Build.0 = Release|Any CPU
		{7699CE15-6F98-471B-8CD8-8E1AB7E3FD4D}.Debug|Any CPU.ActiveCfg = Debug|Any CPU
		{7699CE15-6F98-471B-8CD8-8E1AB7E3FD4D}.Debug|Any CPU.Build.0 = Debug|Any CPU
		{7699CE15-6F98-471B-8CD8-8E1AB7E3FD4D}.Release|Any CPU.ActiveCfg = Release|Any CPU
		{7699CE15-6F98-471B-8CD8-8E1AB7E3FD4D}.Release|Any CPU.Build.0 = Release|Any CPU
	EndGlobalSection
EndGlobal
